{
  "requires": true,
  "lockfileVersion": 1,
  "dependencies": {
    "sweetalert2": {
      "version": "10.5.0",
      "resolved": "https://registry.npmjs.org/sweetalert2/-/sweetalert2-10.5.0.tgz",
      "integrity": "sha512-L+NuDiUbSH0/+0r7MSWaHq5avlQoBIBgmvZSpE+nani/jahstkoNIW2o/pnglJnNGiyIkGtcpr2iP5UQOqqWDQ=="
    }
  }
}
